
Microsoft Visual Studio Solution File, Format Version 12.00
# Visual Studio 15
VisualStudioVersion = 15.0.28307.438
MinimumVisualStudioVersion = 10.0.40219.1
Project("{FAE04EC0-301F-11D3-BF4B-00C04F79EFBC}") = "FirstSymbolParser", "FirstSymbolParser\FirstSymbolParser.csproj", "{683CC0CD-8313-4CB3-B413-5841F31208D5}"
EndProject
Project("{FAE04EC0-301F-11D3-BF4B-00C04F79EFBC}") = "SymbolParser", "SymbolParser\SymbolParser.csproj", "{DD64E107-7EE4-4A6E-B51C-FDCE637F9912}"
EndProject
Global
	GlobalSection(SolutionConfigurationPlatforms) = preSolution
		Debug|Any CPU = Debug|Any CPU
		Release|Any CPU = Release|Any CPU
	EndGlobalSection
	GlobalSection(ProjectConfigurationPlatforms) = postSolution
		{683CC0CD-8313-4CB3-B413-5841F31208D5}.Debug|Any CPU.ActiveCfg = Debug|Any CPU
		{683CC0CD-8313-4CB3-B413-5841F31208D5}.Debug|Any CPU.Build.0 = Debug|Any CPU
		{683CC0CD-8313-4CB3-B413-5841F31208D5}.Release|Any CPU.ActiveCfg = Release|Any CPU
		{683CC0CD-8313-4CB3-B413-5841F31208D5}.Release|Any CPU.Build.0 = Release|Any CPU
		{DD64E107-7EE4-4A6E-B51C-FDCE637F9912}.Debug|Any CPU.ActiveCfg = Debug|Any CPU
		{DD64E107-7EE4-4A6E-B51C-FDCE637F9912}.Debug|Any CPU.Build.0 = Debug|Any CPU
		{DD64E107-7EE4-4A6E-B51C-FDCE637F9912}.Release|Any CPU.ActiveCfg = Release|Any CPU
		{DD64E107-7EE4-4A6E-B51C-FDCE637F9912}.Release|Any CPU.Build.0 = Release|Any CPU
	EndGlobalSection
	GlobalSection(SolutionProperties) = preSolution
		HideSolutionNode = FALSE
	EndGlobalSection
	GlobalSection(ExtensibilityGlobals) = postSolution
		SolutionGuid = {0F8718CA-A197-4202-ADF1-7F9E7BF2CF60}
	EndGlobalSection
EndGlobal
