
Microsoft Visual Studio Solution File, Format Version 12.00
# Visual Studio 15
VisualStudioVersion = 15.0.28307.421
MinimumVisualStudioVersion = 10.0.40219.1
Project("{9A19103F-16F7-4668-BE54-9A1E7A4F7556}") = "NetStandardLibrary", "NetStandardLibrary\NetStandardLibrary.csproj", "{C0A8363D-F2C7-42B1-8828-24C61E9D453F}"
EndProject
Project("{FAE04EC0-301F-11D3-BF4B-00C04F79EFBC}") = "WindowsForms", "WindowsForms\WindowsForms\WindowsForms.csproj", "{4BF929FC-41EE-4C0E-AD95-1ECE936F06DF}"
EndProject
Project("{FAE04EC0-301F-11D3-BF4B-00C04F79EFBC}") = "XamarinAndroidNative", "XamarinAndroidNative\XamarinAndroidNative\XamarinAndroidNative.csproj", "{D080E1EA-38C4-4704-B7C6-C333C73F7F20}"
EndProject
Project("{9A19103F-16F7-4668-BE54-9A1E7A4F7556}") = "ConsoleCore", "ConsoleCore\ConsoleCore.csproj", "{5CF1E1FD-DFCD-49BB-9D41-AA32E49CFAB4}"
EndProject
Project("{FAE04EC0-301F-11D3-BF4B-00C04F79EFBC}") = "MonoDevelopApp", "MonoDevelopApp\MonoDevelopApp\MonoDevelopApp.csproj", "{32EC0F3A-0B41-4F25-B123-BD6B5A00B9A1}"
EndProject
Global
	GlobalSection(SolutionConfigurationPlatforms) = preSolution
		Debug|Any CPU = Debug|Any CPU
		Debug|x86 = Debug|x86
		Release|Any CPU = Release|Any CPU
		Release|x86 = Release|x86
	EndGlobalSection
	GlobalSection(ProjectConfigurationPlatforms) = postSolution
		{C0A8363D-F2C7-42B1-8828-24C61E9D453F}.Debug|Any CPU.ActiveCfg = Debug|Any CPU
		{C0A8363D-F2C7-42B1-8828-24C61E9D453F}.Debug|Any CPU.Build.0 = Debug|Any CPU
		{C0A8363D-F2C7-42B1-8828-24C61E9D453F}.Debug|x86.ActiveCfg = Debug|Any CPU
		{C0A8363D-F2C7-42B1-8828-24C61E9D453F}.Debug|x86.Build.0 = Debug|Any CPU
		{C0A8363D-F2C7-42B1-8828-24C61E9D453F}.Release|Any CPU.ActiveCfg = Release|Any CPU
		{C0A8363D-F2C7-42B1-8828-24C61E9D453F}.Release|Any CPU.Build.0 = Release|Any CPU
		{C0A8363D-F2C7-42B1-8828-24C61E9D453F}.Release|x86.ActiveCfg = Release|Any CPU
		{C0A8363D-F2C7-42B1-8828-24C61E9D453F}.Release|x86.Build.0 = Release|Any CPU
		{4BF929FC-41EE-4C0E-AD95-1ECE936F06DF}.Debug|Any CPU.ActiveCfg = Debug|Any CPU
		{4BF929FC-41EE-4C0E-AD95-1ECE936F06DF}.Debug|Any CPU.Build.0 = Debug|Any CPU
		{4BF929FC-41EE-4C0E-AD95-1ECE936F06DF}.Debug|x86.ActiveCfg = Debug|Any CPU
		{4BF929FC-41EE-4C0E-AD95-1ECE936F06DF}.Debug|x86.Build.0 = Debug|Any CPU
		{4BF929FC-41EE-4C0E-AD95-1ECE936F06DF}.Release|Any CPU.ActiveCfg = Release|Any CPU
		{4BF929FC-41EE-4C0E-AD95-1ECE936F06DF}.Release|Any CPU.Build.0 = Release|Any CPU
		{4BF929FC-41EE-4C0E-AD95-1ECE936F06DF}.Release|x86.ActiveCfg = Release|Any CPU
		{4BF929FC-41EE-4C0E-AD95-1ECE936F06DF}.Release|x86.Build.0 = Release|Any CPU
		{D080E1EA-38C4-4704-B7C6-C333C73F7F20}.Debug|Any CPU.ActiveCfg = Debug|Any CPU
		{D080E1EA-38C4-4704-B7C6-C333C73F7F20}.Debug|Any CPU.Build.0 = Debug|Any CPU
		{D080E1EA-38C4-4704-B7C6-C333C73F7F20}.Debug|Any CPU.Deploy.0 = Debug|Any CPU
		{D080E1EA-38C4-4704-B7C6-C333C73F7F20}.Debug|x86.ActiveCfg = Debug|Any CPU
		{D080E1EA-38C4-4704-B7C6-C333C73F7F20}.Debug|x86.Build.0 = Debug|Any CPU
		{D080E1EA-38C4-4704-B7C6-C333C73F7F20}.Debug|x86.Deploy.0 = Debug|Any CPU
		{D080E1EA-38C4-4704-B7C6-C333C73F7F20}.Release|Any CPU.ActiveCfg = Release|Any CPU
		{D080E1EA-38C4-4704-B7C6-C333C73F7F20}.Release|Any CPU.Build.0 = Release|Any CPU
		{D080E1EA-38C4-4704-B7C6-C333C73F7F20}.Release|Any CPU.Deploy.0 = Release|Any CPU
		{D080E1EA-38C4-4704-B7C6-C333C73F7F20}.Release|x86.ActiveCfg = Release|Any CPU
		{D080E1EA-38C4-4704-B7C6-C333C73F7F20}.Release|x86.Build.0 = Release|Any CPU
		{D080E1EA-38C4-4704-B7C6-C333C73F7F20}.Release|x86.Deploy.0 = Release|Any CPU
		{5CF1E1FD-DFCD-49BB-9D41-AA32E49CFAB4}.Debug|Any CPU.ActiveCfg = Debug|Any CPU
		{5CF1E1FD-DFCD-49BB-9D41-AA32E49CFAB4}.Debug|Any CPU.Build.0 = Debug|Any CPU
		{5CF1E1FD-DFCD-49BB-9D41-AA32E49CFAB4}.Debug|x86.ActiveCfg = Debug|Any CPU
		{5CF1E1FD-DFCD-49BB-9D41-AA32E49CFAB4}.Debug|x86.Build.0 = Debug|Any CPU
		{5CF1E1FD-DFCD-49BB-9D41-AA32E49CFAB4}.Release|Any CPU.ActiveCfg = Release|Any CPU
		{5CF1E1FD-DFCD-49BB-9D41-AA32E49CFAB4}.Release|Any CPU.Build.0 = Release|Any CPU
		{5CF1E1FD-DFCD-49BB-9D41-AA32E49CFAB4}.Release|x86.ActiveCfg = Release|Any CPU
		{5CF1E1FD-DFCD-49BB-9D41-AA32E49CFAB4}.Release|x86.Build.0 = Release|Any CPU
		{32EC0F3A-0B41-4F25-B123-BD6B5A00B9A1}.Debug|Any CPU.ActiveCfg = Debug|x86
		{32EC0F3A-0B41-4F25-B123-BD6B5A00B9A1}.Debug|x86.ActiveCfg = Debug|x86
		{32EC0F3A-0B41-4F25-B123-BD6B5A00B9A1}.Debug|x86.Build.0 = Debug|x86
		{32EC0F3A-0B41-4F25-B123-BD6B5A00B9A1}.Release|Any CPU.ActiveCfg = Release|x86
		{32EC0F3A-0B41-4F25-B123-BD6B5A00B9A1}.Release|x86.ActiveCfg = Release|x86
		{32EC0F3A-0B41-4F25-B123-BD6B5A00B9A1}.Release|x86.Build.0 = Release|x86
	EndGlobalSection
	GlobalSection(SolutionProperties) = preSolution
		HideSolutionNode = FALSE
	EndGlobalSection
	GlobalSection(ExtensibilityGlobals) = postSolution
		SolutionGuid = {BB6D3B0A-7C0B-47E4-BA6A-BE7B9D4F3831}
	EndGlobalSection
EndGlobal
