
Microsoft Visual Studio Solution File, Format Version 12.00
# Visual Studio 15
VisualStudioVersion = 15.0.28307.438
MinimumVisualStudioVersion = 10.0.40219.1
Project("{FAE04EC0-301F-11D3-BF4B-00C04F79EFBC}") = "SiteDownloader", "SiteDownloader\SiteDownloader.csproj", "{202085D0-5683-4AA5-A626-5AFE8F6BEDBE}"
EndProject
Project("{FAE04EC0-301F-11D3-BF4B-00C04F79EFBC}") = "SiteDownloaderConsole", "SiteDownloaderConsole\SiteDownloaderConsole.csproj", "{3D36986D-CF8F-435D-A089-524938864E28}"
EndProject
Global
	GlobalSection(SolutionConfigurationPlatforms) = preSolution
		Debug|Any CPU = Debug|Any CPU
		Release|Any CPU = Release|Any CPU
	EndGlobalSection
	GlobalSection(ProjectConfigurationPlatforms) = postSolution
		{202085D0-5683-4AA5-A626-5AFE8F6BEDBE}.Debug|Any CPU.ActiveCfg = Debug|Any CPU
		{202085D0-5683-4AA5-A626-5AFE8F6BEDBE}.Debug|Any CPU.Build.0 = Debug|Any CPU
		{202085D0-5683-4AA5-A626-5AFE8F6BEDBE}.Release|Any CPU.ActiveCfg = Release|Any CPU
		{202085D0-5683-4AA5-A626-5AFE8F6BEDBE}.Release|Any CPU.Build.0 = Release|Any CPU
		{3D36986D-CF8F-435D-A089-524938864E28}.Debug|Any CPU.ActiveCfg = Debug|Any CPU
		{3D36986D-CF8F-435D-A089-524938864E28}.Debug|Any CPU.Build.0 = Debug|Any CPU
		{3D36986D-CF8F-435D-A089-524938864E28}.Release|Any CPU.ActiveCfg = Release|Any CPU
		{3D36986D-CF8F-435D-A089-524938864E28}.Release|Any CPU.Build.0 = Release|Any CPU
	EndGlobalSection
	GlobalSection(SolutionProperties) = preSolution
		HideSolutionNode = FALSE
	EndGlobalSection
	GlobalSection(ExtensibilityGlobals) = postSolution
		SolutionGuid = {2F2D66A1-E51F-4C6D-A926-52C60324CD7D}
	EndGlobalSection
EndGlobal
