
Microsoft Visual Studio Solution File, Format Version 12.00
# Visual Studio 15
Project("{FAE04EC0-301F-11D3-BF4B-00C04F79EFBC}") = "MonoDevelopApp", "MonoDevelopApp\MonoDevelopApp.csproj", "{32EC0F3A-0B41-4F25-B123-BD6B5A00B9A1}"
EndProject
Global
	GlobalSection(SolutionConfigurationPlatforms) = preSolution
		Debug|x86 = Debug|x86
		Release|x86 = Release|x86
	EndGlobalSection
	GlobalSection(ProjectConfigurationPlatforms) = postSolution
		{32EC0F3A-0B41-4F25-B123-BD6B5A00B9A1}.Debug|x86.ActiveCfg = Debug|x86
		{32EC0F3A-0B41-4F25-B123-BD6B5A00B9A1}.Debug|x86.Build.0 = Debug|x86
		{32EC0F3A-0B41-4F25-B123-BD6B5A00B9A1}.Release|x86.ActiveCfg = Release|x86
		{32EC0F3A-0B41-4F25-B123-BD6B5A00B9A1}.Release|x86.Build.0 = Release|x86
	EndGlobalSection
EndGlobal
