
Microsoft Visual Studio Solution File, Format Version 12.00
# Visual Studio 15
VisualStudioVersion = 15.0.28307.438
MinimumVisualStudioVersion = 10.0.40219.1
Project("{FAE04EC0-301F-11D3-BF4B-00C04F79EFBC}") = "HttpHandler", "HttpHandler\HttpHandler.csproj", "{0B76A169-DD2D-45AB-AF95-17958EA0AA56}"
EndProject
Project("{FAE04EC0-301F-11D3-BF4B-00C04F79EFBC}") = "Common", "Common\Common.csproj", "{14D71A3C-15DE-4210-B895-EA7DD1030EB3}"
EndProject
Project("{FAE04EC0-301F-11D3-BF4B-00C04F79EFBC}") = "Dataccess", "Dataccess\Dataccess.csproj", "{31DE1D7A-80FE-4921-BD23-F6EFEAA78C49}"
EndProject
Project("{FAE04EC0-301F-11D3-BF4B-00C04F79EFBC}") = "HttpHandler.Tests", "HttpHandler.Tests\HttpHandler.Tests.csproj", "{E2055EA0-F907-44FB-AF0C-686785884326}"
EndProject
Global
	GlobalSection(SolutionConfigurationPlatforms) = preSolution
		Debug|Any CPU = Debug|Any CPU
		Release|Any CPU = Release|Any CPU
	EndGlobalSection
	GlobalSection(ProjectConfigurationPlatforms) = postSolution
		{0B76A169-DD2D-45AB-AF95-17958EA0AA56}.Debug|Any CPU.ActiveCfg = Debug|Any CPU
		{0B76A169-DD2D-45AB-AF95-17958EA0AA56}.Debug|Any CPU.Build.0 = Debug|Any CPU
		{0B76A169-DD2D-45AB-AF95-17958EA0AA56}.Release|Any CPU.ActiveCfg = Release|Any CPU
		{0B76A169-DD2D-45AB-AF95-17958EA0AA56}.Release|Any CPU.Build.0 = Release|Any CPU
		{14D71A3C-15DE-4210-B895-EA7DD1030EB3}.Debug|Any CPU.ActiveCfg = Debug|Any CPU
		{14D71A3C-15DE-4210-B895-EA7DD1030EB3}.Debug|Any CPU.Build.0 = Debug|Any CPU
		{14D71A3C-15DE-4210-B895-EA7DD1030EB3}.Release|Any CPU.ActiveCfg = Release|Any CPU
		{14D71A3C-15DE-4210-B895-EA7DD1030EB3}.Release|Any CPU.Build.0 = Release|Any CPU
		{31DE1D7A-80FE-4921-BD23-F6EFEAA78C49}.Debug|Any CPU.ActiveCfg = Debug|Any CPU
		{31DE1D7A-80FE-4921-BD23-F6EFEAA78C49}.Debug|Any CPU.Build.0 = Debug|Any CPU
		{31DE1D7A-80FE-4921-BD23-F6EFEAA78C49}.Release|Any CPU.ActiveCfg = Release|Any CPU
		{31DE1D7A-80FE-4921-BD23-F6EFEAA78C49}.Release|Any CPU.Build.0 = Release|Any CPU
		{E2055EA0-F907-44FB-AF0C-686785884326}.Debug|Any CPU.ActiveCfg = Debug|Any CPU
		{E2055EA0-F907-44FB-AF0C-686785884326}.Debug|Any CPU.Build.0 = Debug|Any CPU
		{E2055EA0-F907-44FB-AF0C-686785884326}.Release|Any CPU.ActiveCfg = Release|Any CPU
		{E2055EA0-F907-44FB-AF0C-686785884326}.Release|Any CPU.Build.0 = Release|Any CPU
	EndGlobalSection
	GlobalSection(SolutionProperties) = preSolution
		HideSolutionNode = FALSE
	EndGlobalSection
	GlobalSection(ExtensibilityGlobals) = postSolution
		SolutionGuid = {0D7BDB1E-DEC9-46D4-B3D5-544B3CD2AEE5}
	EndGlobalSection
EndGlobal
